
Microsoft Visual Studio Solution File, Format Version 12.00
# Visual Studio 15
VisualStudioVersion = 15.0.28307.852
MinimumVisualStudioVersion = 10.0.40219.1
Project("{FAE04EC0-301F-11D3-BF4B-00C04F79EFBC}") = "ATM", "ATM\ATM.csproj", "{A888FE3D-091E-4897-B4C5-51A277ECB82D}"
EndProject
Global
	GlobalSection(SolutionConfigurationPlatforms) = preSolution
		Debug|Any CPU = Debug|Any CPU
		Release|Any CPU = Release|Any CPU
	EndGlobalSection
	GlobalSection(ProjectConfigurationPlatforms) = postSolution
		{A888FE3D-091E-4897-B4C5-51A277ECB82D}.Debug|Any CPU.ActiveCfg = Debug|Any CPU
		{A888FE3D-091E-4897-B4C5-51A277ECB82D}.Debug|Any CPU.Build.0 = Debug|Any CPU
		{A888FE3D-091E-4897-B4C5-51A277ECB82D}.Release|Any CPU.ActiveCfg = Release|Any CPU
		{A888FE3D-091E-4897-B4C5-51A277ECB82D}.Release|Any CPU.Build.0 = Release|Any CPU
	EndGlobalSection
	GlobalSection(SolutionProperties) = preSolution
		HideSolutionNode = FALSE
	EndGlobalSection
	GlobalSection(ExtensibilityGlobals) = postSolution
		SolutionGuid = {7B815321-7BF4-415A-9954-B6013D1984D9}
	EndGlobalSection
EndGlobal
